
Microsoft Visual Studio Solution File, Format Version 12.00
# Visual Studio Version 17
VisualStudioVersion = 17.11.35312.102
MinimumVisualStudioVersion = 10.0.40219.1
Project("{FAE04EC0-301F-11D3-BF4B-00C04F79EFBC}") = "EchoCart-Backend", "EchoCart-Backend.csproj", "{D0B20C04-348D-4C38-BC6E-D0D8FEC5F68A}"
EndProject
Global
	GlobalSection(SolutionConfigurationPlatforms) = preSolution
		Debug|Any CPU = Debug|Any CPU
		Release|Any CPU = Release|Any CPU
	EndGlobalSection
	GlobalSection(ProjectConfigurationPlatforms) = postSolution
		{D0B20C04-348D-4C38-BC6E-D0D8FEC5F68A}.Debug|Any CPU.ActiveCfg = Debug|Any CPU
		{D0B20C04-348D-4C38-BC6E-D0D8FEC5F68A}.Debug|Any CPU.Build.0 = Debug|Any CPU
		{D0B20C04-348D-4C38-BC6E-D0D8FEC5F68A}.Release|Any CPU.ActiveCfg = Release|Any CPU
		{D0B20C04-348D-4C38-BC6E-D0D8FEC5F68A}.Release|Any CPU.Build.0 = Release|Any CPU
	EndGlobalSection
	GlobalSection(SolutionProperties) = preSolution
		HideSolutionNode = FALSE
	EndGlobalSection
	GlobalSection(ExtensibilityGlobals) = postSolution
		SolutionGuid = {F62EADBE-C188-4573-9256-E9AC20A63026}
	EndGlobalSection
EndGlobal
